
Microsoft Visual Studio Solution File, Format Version 12.00
# Visual Studio Version 17
VisualStudioVersion = 17.8.34322.80
MinimumVisualStudioVersion = 10.0.40219.1
Project("{FAE04EC0-301F-11D3-BF4B-00C04F79EFBC}") = "StructuredMinimalApi", "StructuredMinimalApi\StructuredMinimalApi.csproj", "{FA669ECC-2F41-450B-A3BA-FB6A82E5697B}"
EndProject
Global
	GlobalSection(SolutionConfigurationPlatforms) = preSolution
		Debug|Any CPU = Debug|Any CPU
		Release|Any CPU = Release|Any CPU
	EndGlobalSection
	GlobalSection(ProjectConfigurationPlatforms) = postSolution
		{FA669ECC-2F41-450B-A3BA-FB6A82E5697B}.Debug|Any CPU.ActiveCfg = Debug|Any CPU
		{FA669ECC-2F41-450B-A3BA-FB6A82E5697B}.Debug|Any CPU.Build.0 = Debug|Any CPU
		{FA669ECC-2F41-450B-A3BA-FB6A82E5697B}.Release|Any CPU.ActiveCfg = Release|Any CPU
		{FA669ECC-2F41-450B-A3BA-FB6A82E5697B}.Release|Any CPU.Build.0 = Release|Any CPU
	EndGlobalSection
	GlobalSection(SolutionProperties) = preSolution
		HideSolutionNode = FALSE
	EndGlobalSection
	GlobalSection(ExtensibilityGlobals) = postSolution
		SolutionGuid = {7DDDC734-9B7F-4621-8449-7070E8171D15}
	EndGlobalSection
EndGlobal
